// !$*UTF8*$!
{
	archiveVersion = 1;
	classes = {
	};
	objectVersion = 56;
	objects = {

/* Begin PBXBuildFile section */
		AA0B19232D42FF6A00B02095 /* ProgressBar.swift in Sources */ = {isa = PBXBuildFile; fileRef = AA0B19222D42FF5F00B02095 /* ProgressBar.swift */; };
		AA0B19252D43147F00B02095 /* Date+Utils.swift in Sources */ = {isa = PBXBuildFile; fileRef = AA0B19242D43147A00B02095 /* Date+Utils.swift */; };
		AA0B19272D43D9A200B02095 /* CircularSavingProgressView.swift in Sources */ = {isa = PBXBuildFile; fileRef = AA0B19262D43D99800B02095 /* CircularSavingProgressView.swift */; };
		AA0B19292D43E63500B02095 /* DepositCellView.swift in Sources */ = {isa = PBXBuildFile; fileRef = AA0B19282D43E62C00B02095 /* DepositCellView.swift */; };
		AA0B192B2D43E8E200B02095 /* ListSectionHeaderView.swift in Sources */ = {isa = PBXBuildFile; fileRef = AA0B192A2D43E8E100B02095 /* ListSectionHeaderView.swift */; };
		AA1214DE2D42F2EC00787FD2 /* SavingGoal.swift in Sources */ = {isa = PBXBuildFile; fileRef = AA1214DD2D42F2EC00787FD2 /* SavingGoal.swift */; };
		AA1214E22D42F66A00787FD2 /* Deposit.swift in Sources */ = {isa = PBXBuildFile; fileRef = AA1214E12D42F66600787FD2 /* Deposit.swift */; };
		AA1783AB2DFF15E200D73B02 /* UserDefaultsTokenStorage.swift in Sources */ = {isa = PBXBuildFile; fileRef = AA1783AA2DFF15E200D73B02 /* UserDefaultsTokenStorage.swift */; };
		AA1783AD2DFF161E00D73B02 /* MockAuthenticationDataSource.swift in Sources */ = {isa = PBXBuildFile; fileRef = AA1783AC2DFF161E00D73B02 /* MockAuthenticationDataSource.swift */; };
		AA1783B02DFF163A00D73B02 /* InMemoryTokenStorage.swift in Sources */ = {isa = PBXBuildFile; fileRef = AA1783AF2DFF163A00D73B02 /* InMemoryTokenStorage.swift */; };
		AA1783B22DFF168C00D73B02 /* LiveAuthenticationDataSource.swift in Sources */ = {isa = PBXBuildFile; fileRef = AA1783B12DFF168C00D73B02 /* LiveAuthenticationDataSource.swift */; };
		AA20F9DB2DA7138800B2FE3E /* TokenKeys.swift in Sources */ = {isa = PBXBuildFile; fileRef = AA20F9DA2DA7138800B2FE3E /* TokenKeys.swift */; };
		AA20F9DD2DA7139100B2FE3E /* TokenResponse.swift in Sources */ = {isa = PBXBuildFile; fileRef = AA20F9DC2DA7139100B2FE3E /* TokenResponse.swift */; };
		AA2CA68F2D4A8A1E003DDE38 /* MUCustomVerticalForEach.swift in Sources */ = {isa = PBXBuildFile; fileRef = AA2CA68E2D4A8A1E003DDE38 /* MUCustomVerticalForEach.swift */; };
		AA31E12F2D48022A004BA303 /* Route.swift in Sources */ = {isa = PBXBuildFile; fileRef = AA31E12E2D480227004BA303 /* Route.swift */; };
		AA3E1FE72DAD2D460007C6EA /* TokenStoreManager.swift in Sources */ = {isa = PBXBuildFile; fileRef = AA3E1FE62DAD2D3B0007C6EA /* TokenStoreManager.swift */; };
		AA3E1FEA2DAD2DD60007C6EA /* KeychainAccess in Frameworks */ = {isa = PBXBuildFile; productRef = AA3E1FE92DAD2DD60007C6EA /* KeychainAccess */; };
		AA3E1FEC2DAD2F8B0007C6EA /* TokenRefreshRequest.swift in Sources */ = {isa = PBXBuildFile; fileRef = AA3E1FEB2DAD2F800007C6EA /* TokenRefreshRequest.swift */; };
		AA3E1FEE2DAD327A0007C6EA /* AppEnvironment.swift in Sources */ = {isa = PBXBuildFile; fileRef = AA3E1FED2DAD327A0007C6EA /* AppEnvironment.swift */; };
		AA3E1FF12DAD369C0007C6EA /* MUClientTests.swift in Sources */ = {isa = PBXBuildFile; fileRef = AA3E1FF02DAD369C0007C6EA /* MUClientTests.swift */; };
		AA422C292D4141B500F108B8 /* MainTabBarView.swift in Sources */ = {isa = PBXBuildFile; fileRef = AA422C282D4141B500F108B8 /* MainTabBarView.swift */; };
		AA4F7B1E2DA5A88600FD598B /* LandingView.swift in Sources */ = {isa = PBXBuildFile; fileRef = AA4F7B1D2DA5A88300FD598B /* LandingView.swift */; };
		AA51462F2D40450600FE93E5 /* iOSMessupApp.swift in Sources */ = {isa = PBXBuildFile; fileRef = AA51462E2D40450600FE93E5 /* iOSMessupApp.swift */; };
		AA5146312D40450600FE93E5 /* ExpensesView.swift in Sources */ = {isa = PBXBuildFile; fileRef = AA5146302D40450600FE93E5 /* ExpensesView.swift */; };
		AA5146332D40450700FE93E5 /* Assets.xcassets in Resources */ = {isa = PBXBuildFile; fileRef = AA5146322D40450700FE93E5 /* Assets.xcassets */; };
		AA5146372D40450700FE93E5 /* Preview Assets.xcassets in Resources */ = {isa = PBXBuildFile; fileRef = AA5146362D40450700FE93E5 /* Preview Assets.xcassets */; };
		AA51465C2D4047DE00FE93E5 /* ExpenseCellView.swift in Sources */ = {isa = PBXBuildFile; fileRef = AA51465B2D4047DE00FE93E5 /* ExpenseCellView.swift */; };
		AA51465F2D4048E800FE93E5 /* Expense.swift in Sources */ = {isa = PBXBuildFile; fileRef = AA51465E2D4048E800FE93E5 /* Expense.swift */; };
		AA5146662D40531500FE93E5 /* Double+Utils.swift in Sources */ = {isa = PBXBuildFile; fileRef = AA5146652D40531500FE93E5 /* Double+Utils.swift */; };
		AA51466D2D40EC0F00FE93E5 /* WeeklyExpensesView.swift in Sources */ = {isa = PBXBuildFile; fileRef = AA51466C2D40EC0F00FE93E5 /* WeeklyExpensesView.swift */; };
		AA51466F2D40ECB400FE93E5 /* Calendar+Utils.swift in Sources */ = {isa = PBXBuildFile; fileRef = AA51466E2D40ECB400FE93E5 /* Calendar+Utils.swift */; };
		AA56E0AE2D4454FB009F7058 /* SavingViewModelTest.swift in Sources */ = {isa = PBXBuildFile; fileRef = AA56E0AD2D4454F2009F7058 /* SavingViewModelTest.swift */; };
		AA56E0B32D44FFC2009F7058 /* HideTabBarAfterScrollingThreshold.swift in Sources */ = {isa = PBXBuildFile; fileRef = AA56E0B22D44FFC2009F7058 /* HideTabBarAfterScrollingThreshold.swift */; };
		AA668EA12D441BB9005E714D /* IncomeRepository.swift in Sources */ = {isa = PBXBuildFile; fileRef = AA668EA02D441BB9005E714D /* IncomeRepository.swift */; };
		AA668EA32D441E12005E714D /* IncomeDataSource.swift in Sources */ = {isa = PBXBuildFile; fileRef = AA668EA22D441E12005E714D /* IncomeDataSource.swift */; };
		AA6A71B22D44304C004720CB /* MockExpensesDataSource.swift in Sources */ = {isa = PBXBuildFile; fileRef = AA6A71B12D44304C004720CB /* MockExpensesDataSource.swift */; };
		AA6A71B82D44329C004720CB /* IncomeDataSourceMock.swift in Sources */ = {isa = PBXBuildFile; fileRef = AA6A71B72D44329C004720CB /* IncomeDataSourceMock.swift */; };
		AA6D45B82D41ABBD0014A95F /* AddExpenseViewModal.swift in Sources */ = {isa = PBXBuildFile; fileRef = AA6D45B72D41ABBD0014A95F /* AddExpenseViewModal.swift */; };
		AA6D45BB2D41B0E40014A95F /* ExpenseSheetViewModifier.swift in Sources */ = {isa = PBXBuildFile; fileRef = AA6D45BA2D41B0E40014A95F /* ExpenseSheetViewModifier.swift */; };
		AA6D45BD2D41B5A90014A95F /* UIApplication+Keyboard.swift in Sources */ = {isa = PBXBuildFile; fileRef = AA6D45BC2D41B5A90014A95F /* UIApplication+Keyboard.swift */; };
		AA6D45C72D4249DB0014A95F /* ExpenseRepository.swift in Sources */ = {isa = PBXBuildFile; fileRef = AA6D45C62D4249DB0014A95F /* ExpenseRepository.swift */; };
		AA6EE0C02D4277A300E0F7D3 /* ExpensesDataSource.swift in Sources */ = {isa = PBXBuildFile; fileRef = AA6EE0BF2D4277A300E0F7D3 /* ExpensesDataSource.swift */; };
		AA71A7682D4C3201003D5909 /* ProfileView.swift in Sources */ = {isa = PBXBuildFile; fileRef = AA71A7672D4C31FD003D5909 /* ProfileView.swift */; };
		AA777CFB2D57B35B005B7734 /* User.swift in Sources */ = {isa = PBXBuildFile; fileRef = AA777CFA2D57B359005B7734 /* User.swift */; };
		AA7923D32D413C3600768849 /* SavingsObjectiveView.swift in Sources */ = {isa = PBXBuildFile; fileRef = AA7923D22D413C3600768849 /* SavingsObjectiveView.swift */; };
		AA7923D52D413C5800768849 /* SocialGroupsView.swift in Sources */ = {isa = PBXBuildFile; fileRef = AA7923D42D413C5800768849 /* SocialGroupsView.swift */; };
		AA81393D2D4FB6C20097F51E /* EditDepositModalView.swift in Sources */ = {isa = PBXBuildFile; fileRef = AA81393C2D4FB6C20097F51E /* EditDepositModalView.swift */; };
		AA81393F2D4FBE250097F51E /* AddDepositViewModal.swift in Sources */ = {isa = PBXBuildFile; fileRef = AA81393E2D4FBE250097F51E /* AddDepositViewModal.swift */; };
		AA8139412D4FC3660097F51E /* DepositSheetViewModifier.swift in Sources */ = {isa = PBXBuildFile; fileRef = AA8139402D4FC3550097F51E /* DepositSheetViewModifier.swift */; };
		AA8139432D4FC7AB0097F51E /* AllDepositsView.swift in Sources */ = {isa = PBXBuildFile; fileRef = AA8139422D4FC7A10097F51E /* AllDepositsView.swift */; };
		AA8235A72D44054E005CCA48 /* LoadingScreen.swift in Sources */ = {isa = PBXBuildFile; fileRef = AA8235A62D440549005CCA48 /* LoadingScreen.swift */; };
		AA832E6A2D415B9200940F78 /* AllExpensesView.swift in Sources */ = {isa = PBXBuildFile; fileRef = AA832E692D415B9200940F78 /* AllExpensesView.swift */; };
		AA832E6C2D4173EC00940F78 /* EditExpenseModalView.swift in Sources */ = {isa = PBXBuildFile; fileRef = AA832E6B2D4173EC00940F78 /* EditExpenseModalView.swift */; };
		AA8B4D4C2DA8477F002D6730 /* GetAllExpensesRequest.swift in Sources */ = {isa = PBXBuildFile; fileRef = AA8B4D4B2DA8477F002D6730 /* GetAllExpensesRequest.swift */; };
		AAC000DC2DA43B8D00B5A11D /* UserDataStore.swift in Sources */ = {isa = PBXBuildFile; fileRef = AAC000DB2DA43B8400B5A11D /* UserDataStore.swift */; };
		AAC000DF2DA43CE800B5A11D /* JWTDecoder.swift in Sources */ = {isa = PBXBuildFile; fileRef = AAC000DE2DA43CDC00B5A11D /* JWTDecoder.swift */; };
		AAC000E12DA43DE700B5A11D /* MUToken.swift in Sources */ = {isa = PBXBuildFile; fileRef = AAC000E02DA43DE400B5A11D /* MUToken.swift */; };
		AAC000E42DA43F9700B5A11D /* HTTPMethod.swift in Sources */ = {isa = PBXBuildFile; fileRef = AAC000E32DA43F9700B5A11D /* HTTPMethod.swift */; };
		AAC000E72DA43FB500B5A11D /* MUClient.swift in Sources */ = {isa = PBXBuildFile; fileRef = AAC000E62DA43FB500B5A11D /* MUClient.swift */; };
		AAC000E92DA4401B00B5A11D /* LoginRequest.swift in Sources */ = {isa = PBXBuildFile; fileRef = AAC000E82DA4401B00B5A11D /* LoginRequest.swift */; };
		AAC000EC2DA4420800B5A11D /* MURequest.swift in Sources */ = {isa = PBXBuildFile; fileRef = AAC000EB2DA4420800B5A11D /* MURequest.swift */; };
		AAC000EE2DA4421300B5A11D /* MUResponse.swift in Sources */ = {isa = PBXBuildFile; fileRef = AAC000ED2DA4421300B5A11D /* MUResponse.swift */; };
		AAC000F12DA4429A00B5A11D /* LoginResponse.swift in Sources */ = {isa = PBXBuildFile; fileRef = AAC000F02DA4429A00B5A11D /* LoginResponse.swift */; };
		AAC000F42DA4450A00B5A11D /* MUAPIError.swift in Sources */ = {isa = PBXBuildFile; fileRef = AAC000F32DA4450A00B5A11D /* MUAPIError.swift */; };
		AAC000F72DA449C500B5A11D /* LoginView.swift in Sources */ = {isa = PBXBuildFile; fileRef = AAC000F62DA449C500B5A11D /* LoginView.swift */; };
		AAC000F92DA449F300B5A11D /* RegistrationView.swift in Sources */ = {isa = PBXBuildFile; fileRef = AAC000F82DA449F300B5A11D /* RegistrationView.swift */; };
		AAC000FB2DA44A8B00B5A11D /* AuthenticationService.swift in Sources */ = {isa = PBXBuildFile; fileRef = AAC000FA2DA44A8000B5A11D /* AuthenticationService.swift */; };
		AAC001002DA455F400B5A11D /* RegisterRequest.swift in Sources */ = {isa = PBXBuildFile; fileRef = AAC000FF2DA455ED00B5A11D /* RegisterRequest.swift */; };
		AAC001022DA4563300B5A11D /* RegisterResponse.swift in Sources */ = {isa = PBXBuildFile; fileRef = AAC001012DA4563300B5A11D /* RegisterResponse.swift */; };
		AAC242042D48F4B3002A829C /* CategoryPieChart.swift in Sources */ = {isa = PBXBuildFile; fileRef = AAC242032D48F4A1002A829C /* CategoryPieChart.swift */; };
		AAD271442D4410B300D906B8 /* SplashScreen.storyboard in Resources */ = {isa = PBXBuildFile; fileRef = AAD271432D4410B300D906B8 /* SplashScreen.storyboard */; };
		AAD5E9012D510BA00058DD18 /* MUSpacer.swift in Sources */ = {isa = PBXBuildFile; fileRef = AAD5E9002D510B9A0058DD18 /* MUSpacer.swift */; };
		AAE9B1802DFF1BA700BE5628 /* Settings.bundle in Resources */ = {isa = PBXBuildFile; fileRef = AAE9B17F2DFF1BA700BE5628 /* Settings.bundle */; };
		AAE9B1832DFF1F2500BE5628 /* MUEnvironmentConfigurator.swift in Sources */ = {isa = PBXBuildFile; fileRef = AAE9B1822DFF1F2500BE5628 /* MUEnvironmentConfigurator.swift */; };
		AAF91FDE2D4648DF003FDE4C /* SelectableCell.swift in Sources */ = {isa = PBXBuildFile; fileRef = AAF91FDD2D4648DF003FDE4C /* SelectableCell.swift */; };
		AAF9F59A2D429DF00085FD44 /* ExpenseViewModelTests.swift in Sources */ = {isa = PBXBuildFile; fileRef = AAF9F5992D429DE60085FD44 /* ExpenseViewModelTests.swift */; };
		AAFB71B42D7324BB00A93202 /* AuthenticationProtocols.swift in Sources */ = {isa = PBXBuildFile; fileRef = AAFB71B32D7324B300A93202 /* AuthenticationProtocols.swift */; };
/* End PBXBuildFile section */

/* Begin PBXContainerItemProxy section */
		AA51463D2D40450700FE93E5 /* PBXContainerItemProxy */ = {
			isa = PBXContainerItemProxy;
			containerPortal = AA5146232D40450600FE93E5 /* Project object */;
			proxyType = 1;
			remoteGlobalIDString = AA51462A2D40450600FE93E5;
			remoteInfo = iOSMessup;
		};
		AA5146472D40450700FE93E5 /* PBXContainerItemProxy */ = {
			isa = PBXContainerItemProxy;
			containerPortal = AA5146232D40450600FE93E5 /* Project object */;
			proxyType = 1;
			remoteGlobalIDString = AA51462A2D40450600FE93E5;
			remoteInfo = iOSMessup;
		};
/* End PBXContainerItemProxy section */

/* Begin PBXFileReference section */
		AA0B19222D42FF5F00B02095 /* ProgressBar.swift */ = {isa = PBXFileReference; lastKnownFileType = sourcecode.swift; path = ProgressBar.swift; sourceTree = "<group>"; };
		AA0B19242D43147A00B02095 /* Date+Utils.swift */ = {isa = PBXFileReference; lastKnownFileType = sourcecode.swift; path = "Date+Utils.swift"; sourceTree = "<group>"; };
		AA0B19262D43D99800B02095 /* CircularSavingProgressView.swift */ = {isa = PBXFileReference; lastKnownFileType = sourcecode.swift; path = CircularSavingProgressView.swift; sourceTree = "<group>"; };
		AA0B19282D43E62C00B02095 /* DepositCellView.swift */ = {isa = PBXFileReference; lastKnownFileType = sourcecode.swift; path = DepositCellView.swift; sourceTree = "<group>"; };
		AA0B192A2D43E8E100B02095 /* ListSectionHeaderView.swift */ = {isa = PBXFileReference; lastKnownFileType = sourcecode.swift; path = ListSectionHeaderView.swift; sourceTree = "<group>"; };
		AA11DFE02DBB7F6F009627DF /* Info.plist */ = {isa = PBXFileReference; lastKnownFileType = text.plist; path = Info.plist; sourceTree = "<group>"; };
		AA1214DD2D42F2EC00787FD2 /* SavingGoal.swift */ = {isa = PBXFileReference; lastKnownFileType = sourcecode.swift; path = SavingGoal.swift; sourceTree = "<group>"; };
		AA1214E12D42F66600787FD2 /* Deposit.swift */ = {isa = PBXFileReference; lastKnownFileType = sourcecode.swift; path = Deposit.swift; sourceTree = "<group>"; };
		AA1783AA2DFF15E200D73B02 /* UserDefaultsTokenStorage.swift */ = {isa = PBXFileReference; lastKnownFileType = sourcecode.swift; path = UserDefaultsTokenStorage.swift; sourceTree = "<group>"; };
		AA1783AC2DFF161E00D73B02 /* MockAuthenticationDataSource.swift */ = {isa = PBXFileReference; lastKnownFileType = sourcecode.swift; path = MockAuthenticationDataSource.swift; sourceTree = "<group>"; };
		AA1783AF2DFF163A00D73B02 /* InMemoryTokenStorage.swift */ = {isa = PBXFileReference; lastKnownFileType = sourcecode.swift; path = InMemoryTokenStorage.swift; sourceTree = "<group>"; };
		AA1783B12DFF168C00D73B02 /* LiveAuthenticationDataSource.swift */ = {isa = PBXFileReference; lastKnownFileType = sourcecode.swift; path = LiveAuthenticationDataSource.swift; sourceTree = "<group>"; };
		AA20F9DA2DA7138800B2FE3E /* TokenKeys.swift */ = {isa = PBXFileReference; lastKnownFileType = sourcecode.swift; path = TokenKeys.swift; sourceTree = "<group>"; };
		AA20F9DC2DA7139100B2FE3E /* TokenResponse.swift */ = {isa = PBXFileReference; lastKnownFileType = sourcecode.swift; path = TokenResponse.swift; sourceTree = "<group>"; };
		AA2CA68E2D4A8A1E003DDE38 /* MUCustomVerticalForEach.swift */ = {isa = PBXFileReference; lastKnownFileType = sourcecode.swift; path = MUCustomVerticalForEach.swift; sourceTree = "<group>"; };
		AA31E12E2D480227004BA303 /* Route.swift */ = {isa = PBXFileReference; lastKnownFileType = sourcecode.swift; path = Route.swift; sourceTree = "<group>"; };
		AA3E1FE62DAD2D3B0007C6EA /* TokenStoreManager.swift */ = {isa = PBXFileReference; lastKnownFileType = sourcecode.swift; path = TokenStoreManager.swift; sourceTree = "<group>"; };
		AA3E1FEB2DAD2F800007C6EA /* TokenRefreshRequest.swift */ = {isa = PBXFileReference; lastKnownFileType = sourcecode.swift; path = TokenRefreshRequest.swift; sourceTree = "<group>"; };
		AA3E1FED2DAD327A0007C6EA /* AppEnvironment.swift */ = {isa = PBXFileReference; lastKnownFileType = sourcecode.swift; path = AppEnvironment.swift; sourceTree = "<group>"; };
		AA3E1FF02DAD369C0007C6EA /* MUClientTests.swift */ = {isa = PBXFileReference; lastKnownFileType = sourcecode.swift; path = MUClientTests.swift; sourceTree = "<group>"; };
		AA422C282D4141B500F108B8 /* MainTabBarView.swift */ = {isa = PBXFileReference; lastKnownFileType = sourcecode.swift; path = MainTabBarView.swift; sourceTree = "<group>"; };
		AA4F7B1D2DA5A88300FD598B /* LandingView.swift */ = {isa = PBXFileReference; lastKnownFileType = sourcecode.swift; path = LandingView.swift; sourceTree = "<group>"; };
		AA51462B2D40450600FE93E5 /* iOSMessup.app */ = {isa = PBXFileReference; explicitFileType = wrapper.application; includeInIndex = 0; path = iOSMessup.app; sourceTree = BUILT_PRODUCTS_DIR; };
		AA51462E2D40450600FE93E5 /* iOSMessupApp.swift */ = {isa = PBXFileReference; lastKnownFileType = sourcecode.swift; path = iOSMessupApp.swift; sourceTree = "<group>"; };
		AA5146302D40450600FE93E5 /* ExpensesView.swift */ = {isa = PBXFileReference; lastKnownFileType = sourcecode.swift; path = ExpensesView.swift; sourceTree = "<group>"; };
		AA5146322D40450700FE93E5 /* Assets.xcassets */ = {isa = PBXFileReference; lastKnownFileType = folder.assetcatalog; path = Assets.xcassets; sourceTree = "<group>"; };
		AA5146342D40450700FE93E5 /* iOSMessup.entitlements */ = {isa = PBXFileReference; lastKnownFileType = text.plist.entitlements; path = iOSMessup.entitlements; sourceTree = "<group>"; };
		AA5146362D40450700FE93E5 /* Preview Assets.xcassets */ = {isa = PBXFileReference; lastKnownFileType = folder.assetcatalog; path = "Preview Assets.xcassets"; sourceTree = "<group>"; };
		AA51463C2D40450700FE93E5 /* iOSMessupTests.xctest */ = {isa = PBXFileReference; explicitFileType = wrapper.cfbundle; includeInIndex = 0; path = iOSMessupTests.xctest; sourceTree = BUILT_PRODUCTS_DIR; };
		AA5146462D40450700FE93E5 /* iOSMessupUITests.xctest */ = {isa = PBXFileReference; explicitFileType = wrapper.cfbundle; includeInIndex = 0; path = iOSMessupUITests.xctest; sourceTree = BUILT_PRODUCTS_DIR; };
		AA51465B2D4047DE00FE93E5 /* ExpenseCellView.swift */ = {isa = PBXFileReference; lastKnownFileType = sourcecode.swift; path = ExpenseCellView.swift; sourceTree = "<group>"; };
		AA51465E2D4048E800FE93E5 /* Expense.swift */ = {isa = PBXFileReference; lastKnownFileType = sourcecode.swift; path = Expense.swift; sourceTree = "<group>"; };
		AA5146652D40531500FE93E5 /* Double+Utils.swift */ = {isa = PBXFileReference; lastKnownFileType = sourcecode.swift; path = "Double+Utils.swift"; sourceTree = "<group>"; };
		AA51466C2D40EC0F00FE93E5 /* WeeklyExpensesView.swift */ = {isa = PBXFileReference; lastKnownFileType = sourcecode.swift; path = WeeklyExpensesView.swift; sourceTree = "<group>"; };
		AA51466E2D40ECB400FE93E5 /* Calendar+Utils.swift */ = {isa = PBXFileReference; lastKnownFileType = sourcecode.swift; path = "Calendar+Utils.swift"; sourceTree = "<group>"; };
		AA56E0AD2D4454F2009F7058 /* SavingViewModelTest.swift */ = {isa = PBXFileReference; lastKnownFileType = sourcecode.swift; path = SavingViewModelTest.swift; sourceTree = "<group>"; };
		AA56E0B22D44FFC2009F7058 /* HideTabBarAfterScrollingThreshold.swift */ = {isa = PBXFileReference; lastKnownFileType = sourcecode.swift; path = HideTabBarAfterScrollingThreshold.swift; sourceTree = "<group>"; };
		AA668EA02D441BB9005E714D /* IncomeRepository.swift */ = {isa = PBXFileReference; lastKnownFileType = sourcecode.swift; path = IncomeRepository.swift; sourceTree = "<group>"; };
		AA668EA22D441E12005E714D /* IncomeDataSource.swift */ = {isa = PBXFileReference; lastKnownFileType = sourcecode.swift; path = IncomeDataSource.swift; sourceTree = "<group>"; };
		AA6A71B12D44304C004720CB /* MockExpensesDataSource.swift */ = {isa = PBXFileReference; lastKnownFileType = sourcecode.swift; path = MockExpensesDataSource.swift; sourceTree = "<group>"; };
		AA6A71B72D44329C004720CB /* IncomeDataSourceMock.swift */ = {isa = PBXFileReference; lastKnownFileType = sourcecode.swift; path = IncomeDataSourceMock.swift; sourceTree = "<group>"; };
		AA6D45B72D41ABBD0014A95F /* AddExpenseViewModal.swift */ = {isa = PBXFileReference; lastKnownFileType = sourcecode.swift; path = AddExpenseViewModal.swift; sourceTree = "<group>"; };
		AA6D45BA2D41B0E40014A95F /* ExpenseSheetViewModifier.swift */ = {isa = PBXFileReference; lastKnownFileType = sourcecode.swift; path = ExpenseSheetViewModifier.swift; sourceTree = "<group>"; };
		AA6D45BC2D41B5A90014A95F /* UIApplication+Keyboard.swift */ = {isa = PBXFileReference; lastKnownFileType = sourcecode.swift; path = "UIApplication+Keyboard.swift"; sourceTree = "<group>"; };
		AA6D45C62D4249DB0014A95F /* ExpenseRepository.swift */ = {isa = PBXFileReference; lastKnownFileType = sourcecode.swift; path = ExpenseRepository.swift; sourceTree = "<group>"; };
		AA6EE0BF2D4277A300E0F7D3 /* ExpensesDataSource.swift */ = {isa = PBXFileReference; lastKnownFileType = sourcecode.swift; path = ExpensesDataSource.swift; sourceTree = "<group>"; };
		AA71A7672D4C31FD003D5909 /* ProfileView.swift */ = {isa = PBXFileReference; lastKnownFileType = sourcecode.swift; path = ProfileView.swift; sourceTree = "<group>"; };
		AA777CFA2D57B359005B7734 /* User.swift */ = {isa = PBXFileReference; lastKnownFileType = sourcecode.swift; path = User.swift; sourceTree = "<group>"; };
		AA7923D22D413C3600768849 /* SavingsObjectiveView.swift */ = {isa = PBXFileReference; lastKnownFileType = sourcecode.swift; path = SavingsObjectiveView.swift; sourceTree = "<group>"; };
		AA7923D42D413C5800768849 /* SocialGroupsView.swift */ = {isa = PBXFileReference; lastKnownFileType = sourcecode.swift; path = SocialGroupsView.swift; sourceTree = "<group>"; };
		AA81393C2D4FB6C20097F51E /* EditDepositModalView.swift */ = {isa = PBXFileReference; lastKnownFileType = sourcecode.swift; path = EditDepositModalView.swift; sourceTree = "<group>"; };
		AA81393E2D4FBE250097F51E /* AddDepositViewModal.swift */ = {isa = PBXFileReference; lastKnownFileType = sourcecode.swift; path = AddDepositViewModal.swift; sourceTree = "<group>"; };
		AA8139402D4FC3550097F51E /* DepositSheetViewModifier.swift */ = {isa = PBXFileReference; lastKnownFileType = sourcecode.swift; path = DepositSheetViewModifier.swift; sourceTree = "<group>"; };
		AA8139422D4FC7A10097F51E /* AllDepositsView.swift */ = {isa = PBXFileReference; lastKnownFileType = sourcecode.swift; path = AllDepositsView.swift; sourceTree = "<group>"; };
		AA8235A62D440549005CCA48 /* LoadingScreen.swift */ = {isa = PBXFileReference; lastKnownFileType = sourcecode.swift; path = LoadingScreen.swift; sourceTree = "<group>"; };
		AA832E692D415B9200940F78 /* AllExpensesView.swift */ = {isa = PBXFileReference; lastKnownFileType = sourcecode.swift; path = AllExpensesView.swift; sourceTree = "<group>"; };
		AA832E6B2D4173EC00940F78 /* EditExpenseModalView.swift */ = {isa = PBXFileReference; lastKnownFileType = sourcecode.swift; path = EditExpenseModalView.swift; sourceTree = "<group>"; };
		AA8B4D4B2DA8477F002D6730 /* GetAllExpensesRequest.swift */ = {isa = PBXFileReference; lastKnownFileType = sourcecode.swift; path = GetAllExpensesRequest.swift; sourceTree = "<group>"; };
		AAC000DB2DA43B8400B5A11D /* UserDataStore.swift */ = {isa = PBXFileReference; lastKnownFileType = sourcecode.swift; path = UserDataStore.swift; sourceTree = "<group>"; };
		AAC000DE2DA43CDC00B5A11D /* JWTDecoder.swift */ = {isa = PBXFileReference; lastKnownFileType = sourcecode.swift; path = JWTDecoder.swift; sourceTree = "<group>"; };
		AAC000E02DA43DE400B5A11D /* MUToken.swift */ = {isa = PBXFileReference; lastKnownFileType = sourcecode.swift; path = MUToken.swift; sourceTree = "<group>"; };
		AAC000E32DA43F9700B5A11D /* HTTPMethod.swift */ = {isa = PBXFileReference; lastKnownFileType = sourcecode.swift; path = HTTPMethod.swift; sourceTree = "<group>"; };
		AAC000E62DA43FB500B5A11D /* MUClient.swift */ = {isa = PBXFileReference; lastKnownFileType = sourcecode.swift; path = MUClient.swift; sourceTree = "<group>"; };
		AAC000E82DA4401B00B5A11D /* LoginRequest.swift */ = {isa = PBXFileReference; lastKnownFileType = sourcecode.swift; path = LoginRequest.swift; sourceTree = "<group>"; };
		AAC000EB2DA4420800B5A11D /* MURequest.swift */ = {isa = PBXFileReference; lastKnownFileType = sourcecode.swift; path = MURequest.swift; sourceTree = "<group>"; };
		AAC000ED2DA4421300B5A11D /* MUResponse.swift */ = {isa = PBXFileReference; lastKnownFileType = sourcecode.swift; path = MUResponse.swift; sourceTree = "<group>"; };
		AAC000F02DA4429A00B5A11D /* LoginResponse.swift */ = {isa = PBXFileReference; lastKnownFileType = sourcecode.swift; path = LoginResponse.swift; sourceTree = "<group>"; };
		AAC000F32DA4450A00B5A11D /* MUAPIError.swift */ = {isa = PBXFileReference; lastKnownFileType = sourcecode.swift; path = MUAPIError.swift; sourceTree = "<group>"; };
		AAC000F62DA449C500B5A11D /* LoginView.swift */ = {isa = PBXFileReference; lastKnownFileType = sourcecode.swift; path = LoginView.swift; sourceTree = "<group>"; };
		AAC000F82DA449F300B5A11D /* RegistrationView.swift */ = {isa = PBXFileReference; lastKnownFileType = sourcecode.swift; path = RegistrationView.swift; sourceTree = "<group>"; };
		AAC000FA2DA44A8000B5A11D /* AuthenticationService.swift */ = {isa = PBXFileReference; lastKnownFileType = sourcecode.swift; path = AuthenticationService.swift; sourceTree = "<group>"; };
		AAC000FF2DA455ED00B5A11D /* RegisterRequest.swift */ = {isa = PBXFileReference; lastKnownFileType = sourcecode.swift; path = RegisterRequest.swift; sourceTree = "<group>"; };
		AAC001012DA4563300B5A11D /* RegisterResponse.swift */ = {isa = PBXFileReference; lastKnownFileType = sourcecode.swift; path = RegisterResponse.swift; sourceTree = "<group>"; };
		AAC242032D48F4A1002A829C /* CategoryPieChart.swift */ = {isa = PBXFileReference; lastKnownFileType = sourcecode.swift; path = CategoryPieChart.swift; sourceTree = "<group>"; };
		AAD271432D4410B300D906B8 /* SplashScreen.storyboard */ = {isa = PBXFileReference; lastKnownFileType = file.storyboard; path = SplashScreen.storyboard; sourceTree = "<group>"; };
		AAD5E9002D510B9A0058DD18 /* MUSpacer.swift */ = {isa = PBXFileReference; lastKnownFileType = sourcecode.swift; path = MUSpacer.swift; sourceTree = "<group>"; };
		AAE9B17F2DFF1BA700BE5628 /* Settings.bundle */ = {isa = PBXFileReference; lastKnownFileType = "wrapper.plug-in"; path = Settings.bundle; sourceTree = "<group>"; };
		AAE9B1822DFF1F2500BE5628 /* MUEnvironmentConfigurator.swift */ = {isa = PBXFileReference; lastKnownFileType = sourcecode.swift; path = MUEnvironmentConfigurator.swift; sourceTree = "<group>"; };
		AAF91FDD2D4648DF003FDE4C /* SelectableCell.swift */ = {isa = PBXFileReference; lastKnownFileType = sourcecode.swift; path = SelectableCell.swift; sourceTree = "<group>"; };
		AAF9F5992D429DE60085FD44 /* ExpenseViewModelTests.swift */ = {isa = PBXFileReference; lastKnownFileType = sourcecode.swift; path = ExpenseViewModelTests.swift; sourceTree = "<group>"; };
		AAFB71B32D7324B300A93202 /* AuthenticationProtocols.swift */ = {isa = PBXFileReference; lastKnownFileType = sourcecode.swift; path = AuthenticationProtocols.swift; sourceTree = "<group>"; };
/* End PBXFileReference section */

/* Begin PBXFrameworksBuildPhase section */
		AA5146282D40450600FE93E5 /* Frameworks */ = {
			isa = PBXFrameworksBuildPhase;
			buildActionMask = 2147483647;
			files = (
				AA3E1FEA2DAD2DD60007C6EA /* KeychainAccess in Frameworks */,
			);
			runOnlyForDeploymentPostprocessing = 0;
		};
		AA5146392D40450700FE93E5 /* Frameworks */ = {
			isa = PBXFrameworksBuildPhase;
			buildActionMask = 2147483647;
			files = (
			);
			runOnlyForDeploymentPostprocessing = 0;
		};
		AA5146432D40450700FE93E5 /* Frameworks */ = {
			isa = PBXFrameworksBuildPhase;
			buildActionMask = 2147483647;
			files = (
			);
			runOnlyForDeploymentPostprocessing = 0;
		};
/* End PBXFrameworksBuildPhase section */

/* Begin PBXGroup section */
		AA1783AE2DFF163000D73B02 /* Mock */ = {
			isa = PBXGroup;
			children = (
				AA1783AF2DFF163A00D73B02 /* InMemoryTokenStorage.swift */,
			);
			path = Mock;
			sourceTree = "<group>";
		};
		AA20F9D92DA7137800B2FE3E /* Tokens */ = {
			isa = PBXGroup;
			children = (
				AA3E1FEB2DAD2F800007C6EA /* TokenRefreshRequest.swift */,
				AA3E1FE62DAD2D3B0007C6EA /* TokenStoreManager.swift */,
				AA20F9DC2DA7139100B2FE3E /* TokenResponse.swift */,
				AA20F9DA2DA7138800B2FE3E /* TokenKeys.swift */,
			);
			path = Tokens;
			sourceTree = "<group>";
		};
		AA2CA6902D4A8A5B003DDE38 /* Lists */ = {
			isa = PBXGroup;
			children = (
				AA0B192A2D43E8E100B02095 /* ListSectionHeaderView.swift */,
				AA2CA68E2D4A8A1E003DDE38 /* MUCustomVerticalForEach.swift */,
			);
			path = Lists;
			sourceTree = "<group>";
		};
		AA31E12D2D480200004BA303 /* Navigation */ = {
			isa = PBXGroup;
			children = (
				AA31E12E2D480227004BA303 /* Route.swift */,
			);
			path = Navigation;
			sourceTree = "<group>";
		};
		AA3E1FEF2DAD36910007C6EA /* Network */ = {
			isa = PBXGroup;
			children = (
				AA3E1FF02DAD369C0007C6EA /* MUClientTests.swift */,
			);
			path = Network;
			sourceTree = "<group>";
		};
		AA46C3622DFF2F2C00925944 /* Presentation */ = {
			isa = PBXGroup;
			children = (
				AA51465A2D4047C500FE93E5 /* Components */,
				AA6D45B92D41B0D20014A95F /* ViewModifiers */,
				AA5146592D4047C100FE93E5 /* Views */,
				AA31E12D2D480200004BA303 /* Navigation */,
			);
			path = Presentation;
			sourceTree = "<group>";
		};
		AA46C3632DFF2F4000925944 /* User */ = {
			isa = PBXGroup;
			children = (
				AAC000DB2DA43B8400B5A11D /* UserDataStore.swift */,
			);
			path = User;
			sourceTree = "<group>";
		};
		AA46C3642DFF2F8E00925944 /* Data */ = {
			isa = PBXGroup;
			children = (
				AAC000EA2DA4402000B5A11D /* Requests */,
				AAC000EF2DA4428400B5A11D /* Responses */,
				AA6D45C52D4249CC0014A95F /* Services */,
			);
			path = Data;
			sourceTree = "<group>";
		};
		AA46C3652DFF2FD000925944 /* Domain */ = {
			isa = PBXGroup;
			children = (
				AA51465D2D4048B100FE93E5 /* Model */,
			);
			path = Domain;
			sourceTree = "<group>";
		};
		AA5146222D40450600FE93E5 = {
			isa = PBXGroup;
			children = (
				AA51462D2D40450600FE93E5 /* iOSMessup */,
				AA51463F2D40450700FE93E5 /* iOSMessupTests */,
				AA51462C2D40450600FE93E5 /* Products */,
			);
			sourceTree = "<group>";
		};
		AA51462C2D40450600FE93E5 /* Products */ = {
			isa = PBXGroup;
			children = (
				AA51462B2D40450600FE93E5 /* iOSMessup.app */,
				AA51463C2D40450700FE93E5 /* iOSMessupTests.xctest */,
				AA5146462D40450700FE93E5 /* iOSMessupUITests.xctest */,
			);
			name = Products;
			sourceTree = "<group>";
		};
		AA51462D2D40450600FE93E5 /* iOSMessup */ = {
			isa = PBXGroup;
			children = (
				AAE9B17F2DFF1BA700BE5628 /* Settings.bundle */,
				AA5146342D40450700FE93E5 /* iOSMessup.entitlements */,
				AA11DFE02DBB7F6F009627DF /* Info.plist */,
				AA51462E2D40450600FE93E5 /* iOSMessupApp.swift */,
				AA5146322D40450700FE93E5 /* Assets.xcassets */,
				AAC000DA2DA43B7D00B5A11D /* Core */,
				AA46C3642DFF2F8E00925944 /* Data */,
				AA46C3652DFF2FD000925944 /* Domain */,
				AA5146672D40533500FE93E5 /* Extensions */,
				AA46C3622DFF2F2C00925944 /* Presentation */,
				AA5146352D40450700FE93E5 /* Preview Content */,
			);
			path = iOSMessup;
			sourceTree = "<group>";
		};
		AA5146352D40450700FE93E5 /* Preview Content */ = {
			isa = PBXGroup;
			children = (
				AA5146362D40450700FE93E5 /* Preview Assets.xcassets */,
			);
			path = "Preview Content";
			sourceTree = "<group>";
		};
		AA51463F2D40450700FE93E5 /* iOSMessupTests */ = {
			isa = PBXGroup;
			children = (
				AA3E1FEF2DAD36910007C6EA /* Network */,
				AA56E0AF2D445F54009F7058 /* Saving */,
				AAF9F5982D429DDA0085FD44 /* Expense */,
			);
			path = iOSMessupTests;
			sourceTree = "<group>";
		};
		AA5146592D4047C100FE93E5 /* Views */ = {
			isa = PBXGroup;
			children = (
				AAC000F52DA449BF00B5A11D /* Authentication */,
				AA71A7662D4C31F6003D5909 /* Profile */,
				AA8235A52D440541005CCA48 /* Splash */,
				AA6D45C32D42499B0014A95F /* SocialGroups */,
				AA6D45C22D4249710014A95F /* Income */,
				AA832E682D415B8300940F78 /* Expenses */,
				AA422C282D4141B500F108B8 /* MainTabBarView.swift */,
			);
			path = Views;
			sourceTree = "<group>";
		};
		AA51465A2D4047C500FE93E5 /* Components */ = {
			isa = PBXGroup;
			children = (
				AAD5E8FF2D510B940058DD18 /* Utils */,
				AA2CA6902D4A8A5B003DDE38 /* Lists */,
				AADC88572D4A364000C2B784 /* Progress */,
				AADC88562D4A362A00C2B784 /* Cells */,
				AADC88552D4A361B00C2B784 /* Charts */,
			);
			path = Components;
			sourceTree = "<group>";
		};
		AA51465D2D4048B100FE93E5 /* Model */ = {
			isa = PBXGroup;
			children = (
				AA777CFA2D57B359005B7734 /* User.swift */,
				AA1214E12D42F66600787FD2 /* Deposit.swift */,
				AA1214DD2D42F2EC00787FD2 /* SavingGoal.swift */,
				AA51465E2D4048E800FE93E5 /* Expense.swift */,
			);
			path = Model;
			sourceTree = "<group>";
		};
		AA5146672D40533500FE93E5 /* Extensions */ = {
			isa = PBXGroup;
			children = (
				AA0B19242D43147A00B02095 /* Date+Utils.swift */,
				AA5146652D40531500FE93E5 /* Double+Utils.swift */,
				AA51466E2D40ECB400FE93E5 /* Calendar+Utils.swift */,
				AA6D45BC2D41B5A90014A95F /* UIApplication+Keyboard.swift */,
			);
			path = Extensions;
			sourceTree = "<group>";
		};
		AA56E0AF2D445F54009F7058 /* Saving */ = {
			isa = PBXGroup;
			children = (
				AA56E0AD2D4454F2009F7058 /* SavingViewModelTest.swift */,
			);
			path = Saving;
			sourceTree = "<group>";
		};
		AA668E9F2D441BA9005E714D /* Income */ = {
			isa = PBXGroup;
			children = (
				AA668EA22D441E12005E714D /* IncomeDataSource.swift */,
				AA668EA02D441BB9005E714D /* IncomeRepository.swift */,
				AABFE7102D442766008C48DC /* Mock */,
			);
			path = Income;
			sourceTree = "<group>";
		};
		AA6D45B92D41B0D20014A95F /* ViewModifiers */ = {
			isa = PBXGroup;
			children = (
				AA8139402D4FC3550097F51E /* DepositSheetViewModifier.swift */,
				AAF91FDD2D4648DF003FDE4C /* SelectableCell.swift */,
				AA56E0B22D44FFC2009F7058 /* HideTabBarAfterScrollingThreshold.swift */,
				AA6D45BA2D41B0E40014A95F /* ExpenseSheetViewModifier.swift */,
			);
			path = ViewModifiers;
			sourceTree = "<group>";
		};
		AA6D45C22D4249710014A95F /* Income */ = {
			isa = PBXGroup;
			children = (
				AA8139422D4FC7A10097F51E /* AllDepositsView.swift */,
				AA81393E2D4FBE250097F51E /* AddDepositViewModal.swift */,
				AA81393C2D4FB6C20097F51E /* EditDepositModalView.swift */,
				AA7923D22D413C3600768849 /* SavingsObjectiveView.swift */,
			);
			name = Income;
			sourceTree = "<group>";
		};
		AA6D45C32D42499B0014A95F /* SocialGroups */ = {
			isa = PBXGroup;
			children = (
				AA7923D42D413C5800768849 /* SocialGroupsView.swift */,
			);
			name = SocialGroups;
			sourceTree = "<group>";
		};
		AA6D45C52D4249CC0014A95F /* Services */ = {
			isa = PBXGroup;
			children = (
				AA777CFC2D57B451005B7734 /* Authentication */,
				AA668E9F2D441BA9005E714D /* Income */,
				AA6EE0C12D4286B300E0F7D3 /* Expenses */,
			);
			path = Services;
			sourceTree = "<group>";
		};
		AA6EE0C12D4286B300E0F7D3 /* Expenses */ = {
			isa = PBXGroup;
			children = (
				AA6EE0BF2D4277A300E0F7D3 /* ExpensesDataSource.swift */,
				AA6D45C62D4249DB0014A95F /* ExpenseRepository.swift */,
				AA6EE0C22D4286BF00E0F7D3 /* Mock */,
			);
			path = Expenses;
			sourceTree = "<group>";
		};
		AA6EE0C22D4286BF00E0F7D3 /* Mock */ = {
			isa = PBXGroup;
			children = (
				AA6A71B12D44304C004720CB /* MockExpensesDataSource.swift */,
			);
			path = Mock;
			sourceTree = "<group>";
		};
		AA71A7662D4C31F6003D5909 /* Profile */ = {
			isa = PBXGroup;
			children = (
				AA71A7672D4C31FD003D5909 /* ProfileView.swift */,
			);
			path = Profile;
			sourceTree = "<group>";
		};
		AA777CFC2D57B451005B7734 /* Authentication */ = {
			isa = PBXGroup;
			children = (
				AAC000FA2DA44A8000B5A11D /* AuthenticationService.swift */,
				AAFB71B32D7324B300A93202 /* AuthenticationProtocols.swift */,
				AA1783B12DFF168C00D73B02 /* LiveAuthenticationDataSource.swift */,
				AAC000FC2DA4501600B5A11D /* Mock */,
			);
			path = Authentication;
			sourceTree = "<group>";
		};
		AA8235A52D440541005CCA48 /* Splash */ = {
			isa = PBXGroup;
			children = (
				AA8235A62D440549005CCA48 /* LoadingScreen.swift */,
				AAD271432D4410B300D906B8 /* SplashScreen.storyboard */,
			);
			path = Splash;
			sourceTree = "<group>";
		};
		AA832E682D415B8300940F78 /* Expenses */ = {
			isa = PBXGroup;
			children = (
				AA5146302D40450600FE93E5 /* ExpensesView.swift */,
				AA832E692D415B9200940F78 /* AllExpensesView.swift */,
				AA832E6B2D4173EC00940F78 /* EditExpenseModalView.swift */,
				AA6D45B72D41ABBD0014A95F /* AddExpenseViewModal.swift */,
			);
			name = Expenses;
			sourceTree = "<group>";
		};
		AABFE7102D442766008C48DC /* Mock */ = {
			isa = PBXGroup;
			children = (
				AA6A71B72D44329C004720CB /* IncomeDataSourceMock.swift */,
			);
			path = Mock;
			sourceTree = "<group>";
		};
		AAC000DA2DA43B7D00B5A11D /* Core */ = {
			isa = PBXGroup;
			children = (
				AA46C3632DFF2F4000925944 /* User */,
				AAE9B1812DFF1F1E00BE5628 /* Environment */,
				AAC000E22DA43F8A00B5A11D /* Network */,
				AAC000DD2DA43CCF00B5A11D /* Tokens */,
			);
			path = Core;
			sourceTree = "<group>";
		};
		AAC000DD2DA43CCF00B5A11D /* Tokens */ = {
			isa = PBXGroup;
			children = (
				AA1783AE2DFF163000D73B02 /* Mock */,
				AA1783AA2DFF15E200D73B02 /* UserDefaultsTokenStorage.swift */,
				AAC000E02DA43DE400B5A11D /* MUToken.swift */,
				AAC000DE2DA43CDC00B5A11D /* JWTDecoder.swift */,
			);
			path = Tokens;
			sourceTree = "<group>";
		};
		AAC000E22DA43F8A00B5A11D /* Network */ = {
			isa = PBXGroup;
			children = (
				AA20F9D92DA7137800B2FE3E /* Tokens */,
				AAC000F22DA442AC00B5A11D /* Shared */,
				AAC000E62DA43FB500B5A11D /* MUClient.swift */,
			);
			path = Network;
			sourceTree = "<group>";
		};
		AAC000EA2DA4402000B5A11D /* Requests */ = {
			isa = PBXGroup;
			children = (
				AA8B4D4B2DA8477F002D6730 /* GetAllExpensesRequest.swift */,
				AAC000FF2DA455ED00B5A11D /* RegisterRequest.swift */,
				AAC000E82DA4401B00B5A11D /* LoginRequest.swift */,
			);
			path = Requests;
			sourceTree = "<group>";
		};
		AAC000EF2DA4428400B5A11D /* Responses */ = {
			isa = PBXGroup;
			children = (
				AAC001012DA4563300B5A11D /* RegisterResponse.swift */,
				AAC000F02DA4429A00B5A11D /* LoginResponse.swift */,
			);
			path = Responses;
			sourceTree = "<group>";
		};
		AAC000F22DA442AC00B5A11D /* Shared */ = {
			isa = PBXGroup;
			children = (
				AA3E1FED2DAD327A0007C6EA /* AppEnvironment.swift */,
				AAC000F32DA4450A00B5A11D /* MUAPIError.swift */,
				AAC000E32DA43F9700B5A11D /* HTTPMethod.swift */,
				AAC000EB2DA4420800B5A11D /* MURequest.swift */,
				AAC000ED2DA4421300B5A11D /* MUResponse.swift */,
			);
			path = Shared;
			sourceTree = "<group>";
		};
		AAC000F52DA449BF00B5A11D /* Authentication */ = {
			isa = PBXGroup;
			children = (
				AA4F7B1D2DA5A88300FD598B /* LandingView.swift */,
				AAC000F82DA449F300B5A11D /* RegistrationView.swift */,
				AAC000F62DA449C500B5A11D /* LoginView.swift */,
			);
			path = Authentication;
			sourceTree = "<group>";
		};
		AAC000FC2DA4501600B5A11D /* Mock */ = {
			isa = PBXGroup;
			children = (
				AA1783AC2DFF161E00D73B02 /* MockAuthenticationDataSource.swift */,
			);
			path = Mock;
			sourceTree = "<group>";
		};
		AAD5E8FF2D510B940058DD18 /* Utils */ = {
			isa = PBXGroup;
			children = (
				AAD5E9002D510B9A0058DD18 /* MUSpacer.swift */,
			);
			path = Utils;
			sourceTree = "<group>";
		};
		AADC88552D4A361B00C2B784 /* Charts */ = {
			isa = PBXGroup;
			children = (
				AA51466C2D40EC0F00FE93E5 /* WeeklyExpensesView.swift */,
				AAC242032D48F4A1002A829C /* CategoryPieChart.swift */,
			);
			path = Charts;
			sourceTree = "<group>";
		};
		AADC88562D4A362A00C2B784 /* Cells */ = {
			isa = PBXGroup;
			children = (
				AA51465B2D4047DE00FE93E5 /* ExpenseCellView.swift */,
				AA0B19282D43E62C00B02095 /* DepositCellView.swift */,
			);
			path = Cells;
			sourceTree = "<group>";
		};
		AADC88572D4A364000C2B784 /* Progress */ = {
			isa = PBXGroup;
			children = (
				AA0B19222D42FF5F00B02095 /* ProgressBar.swift */,
				AA0B19262D43D99800B02095 /* CircularSavingProgressView.swift */,
			);
			path = Progress;
			sourceTree = "<group>";
		};
		AAE9B1812DFF1F1E00BE5628 /* Environment */ = {
			isa = PBXGroup;
			children = (
				AAE9B1822DFF1F2500BE5628 /* MUEnvironmentConfigurator.swift */,
			);
			path = Environment;
			sourceTree = "<group>";
		};
		AAF9F5982D429DDA0085FD44 /* Expense */ = {
			isa = PBXGroup;
			children = (
				AAF9F5992D429DE60085FD44 /* ExpenseViewModelTests.swift */,
			);
			path = Expense;
			sourceTree = "<group>";
		};
/* End PBXGroup section */

/* Begin PBXNativeTarget section */
		AA51462A2D40450600FE93E5 /* iOSMessup */ = {
			isa = PBXNativeTarget;
			buildConfigurationList = AA5146502D40450700FE93E5 /* Build configuration list for PBXNativeTarget "iOSMessup" */;
			buildPhases = (
				AA5146272D40450600FE93E5 /* Sources */,
				AA5146282D40450600FE93E5 /* Frameworks */,
				AA5146292D40450600FE93E5 /* Resources */,
			);
			buildRules = (
			);
			dependencies = (
			);
			name = iOSMessup;
			packageProductDependencies = (
				AA3E1FE92DAD2DD60007C6EA /* KeychainAccess */,
			);
			productName = iOSMessup;
			productReference = AA51462B2D40450600FE93E5 /* iOSMessup.app */;
			productType = "com.apple.product-type.application";
		};
		AA51463B2D40450700FE93E5 /* iOSMessupTests */ = {
			isa = PBXNativeTarget;
			buildConfigurationList = AA5146532D40450700FE93E5 /* Build configuration list for PBXNativeTarget "iOSMessupTests" */;
			buildPhases = (
				AA5146382D40450700FE93E5 /* Sources */,
				AA5146392D40450700FE93E5 /* Frameworks */,
				AA51463A2D40450700FE93E5 /* Resources */,
			);
			buildRules = (
			);
			dependencies = (
				AA51463E2D40450700FE93E5 /* PBXTargetDependency */,
			);
			name = iOSMessupTests;
			productName = iOSMessupTests;
			productReference = AA51463C2D40450700FE93E5 /* iOSMessupTests.xctest */;
			productType = "com.apple.product-type.bundle.unit-test";
		};
		AA5146452D40450700FE93E5 /* iOSMessupUITests */ = {
			isa = PBXNativeTarget;
			buildConfigurationList = AA5146562D40450700FE93E5 /* Build configuration list for PBXNativeTarget "iOSMessupUITests" */;
			buildPhases = (
				AA5146422D40450700FE93E5 /* Sources */,
				AA5146432D40450700FE93E5 /* Frameworks */,
				AA5146442D40450700FE93E5 /* Resources */,
			);
			buildRules = (
			);
			dependencies = (
				AA5146482D40450700FE93E5 /* PBXTargetDependency */,
			);
			name = iOSMessupUITests;
			productName = iOSMessupUITests;
			productReference = AA5146462D40450700FE93E5 /* iOSMessupUITests.xctest */;
			productType = "com.apple.product-type.bundle.ui-testing";
		};
/* End PBXNativeTarget section */

/* Begin PBXProject section */
		AA5146232D40450600FE93E5 /* Project object */ = {
			isa = PBXProject;
			attributes = {
				BuildIndependentTargetsInParallel = 1;
				LastSwiftUpdateCheck = 1540;
				LastUpgradeCheck = 1540;
				TargetAttributes = {
					AA51462A2D40450600FE93E5 = {
						CreatedOnToolsVersion = 15.4;
					};
					AA51463B2D40450700FE93E5 = {
						CreatedOnToolsVersion = 15.4;
						TestTargetID = AA51462A2D40450600FE93E5;
					};
					AA5146452D40450700FE93E5 = {
						CreatedOnToolsVersion = 15.4;
						TestTargetID = AA51462A2D40450600FE93E5;
					};
				};
			};
			buildConfigurationList = AA5146262D40450600FE93E5 /* Build configuration list for PBXProject "iOSMessup" */;
			compatibilityVersion = "Xcode 14.0";
			developmentRegion = en;
			hasScannedForEncodings = 0;
			knownRegions = (
				en,
				Base,
			);
			mainGroup = AA5146222D40450600FE93E5;
			packageReferences = (
				AAF9F5972D429DCB0085FD44 /* XCRemoteSwiftPackageReference "swift-testing" */,
				AA3E1FE82DAD2DD60007C6EA /* XCRemoteSwiftPackageReference "KeychainAccess" */,
			);
			productRefGroup = AA51462C2D40450600FE93E5 /* Products */;
			projectDirPath = "";
			projectRoot = "";
			targets = (
				AA51462A2D40450600FE93E5 /* iOSMessup */,
				AA51463B2D40450700FE93E5 /* iOSMessupTests */,
				AA5146452D40450700FE93E5 /* iOSMessupUITests */,
			);
		};
/* End PBXProject section */

/* Begin PBXResourcesBuildPhase section */
		AA5146292D40450600FE93E5 /* Resources */ = {
			isa = PBXResourcesBuildPhase;
			buildActionMask = 2147483647;
			files = (
				AAE9B1802DFF1BA700BE5628 /* Settings.bundle in Resources */,
				AA5146372D40450700FE93E5 /* Preview Assets.xcassets in Resources */,
				AAD271442D4410B300D906B8 /* SplashScreen.storyboard in Resources */,
				AA5146332D40450700FE93E5 /* Assets.xcassets in Resources */,
			);
			runOnlyForDeploymentPostprocessing = 0;
		};
		AA51463A2D40450700FE93E5 /* Resources */ = {
			isa = PBXResourcesBuildPhase;
			buildActionMask = 2147483647;
			files = (
			);
			runOnlyForDeploymentPostprocessing = 0;
		};
		AA5146442D40450700FE93E5 /* Resources */ = {
			isa = PBXResourcesBuildPhase;
			buildActionMask = 2147483647;
			files = (
			);
			runOnlyForDeploymentPostprocessing = 0;
		};
/* End PBXResourcesBuildPhase section */

/* Begin PBXSourcesBuildPhase section */
		AA5146272D40450600FE93E5 /* Sources */ = {
			isa = PBXSourcesBuildPhase;
			buildActionMask = 2147483647;
			files = (
				AA4F7B1E2DA5A88600FD598B /* LandingView.swift in Sources */,
				AA51465F2D4048E800FE93E5 /* Expense.swift in Sources */,
				AA1783B02DFF163A00D73B02 /* InMemoryTokenStorage.swift in Sources */,
				AA6A71B82D44329C004720CB /* IncomeDataSourceMock.swift in Sources */,
				AAD5E9012D510BA00058DD18 /* MUSpacer.swift in Sources */,
				AAC000FB2DA44A8B00B5A11D /* AuthenticationService.swift in Sources */,
				AA20F9DD2DA7139100B2FE3E /* TokenResponse.swift in Sources */,
				AAE9B1832DFF1F2500BE5628 /* MUEnvironmentConfigurator.swift in Sources */,
				AAC001022DA4563300B5A11D /* RegisterResponse.swift in Sources */,
				AA81393D2D4FB6C20097F51E /* EditDepositModalView.swift in Sources */,
				AA6D45BD2D41B5A90014A95F /* UIApplication+Keyboard.swift in Sources */,
				AA3E1FEE2DAD327A0007C6EA /* AppEnvironment.swift in Sources */,
				AA56E0B32D44FFC2009F7058 /* HideTabBarAfterScrollingThreshold.swift in Sources */,
				AA3E1FEC2DAD2F8B0007C6EA /* TokenRefreshRequest.swift in Sources */,
				AA0B192B2D43E8E200B02095 /* ListSectionHeaderView.swift in Sources */,
				AAFB71B42D7324BB00A93202 /* AuthenticationProtocols.swift in Sources */,
				AA6A71B22D44304C004720CB /* MockExpensesDataSource.swift in Sources */,
				AAC001002DA455F400B5A11D /* RegisterRequest.swift in Sources */,
				AA1214E22D42F66A00787FD2 /* Deposit.swift in Sources */,
				AA2CA68F2D4A8A1E003DDE38 /* MUCustomVerticalForEach.swift in Sources */,
				AA832E6A2D415B9200940F78 /* AllExpensesView.swift in Sources */,
				AA0B19272D43D9A200B02095 /* CircularSavingProgressView.swift in Sources */,
				AA51465C2D4047DE00FE93E5 /* ExpenseCellView.swift in Sources */,
				AA8139432D4FC7AB0097F51E /* AllDepositsView.swift in Sources */,
				AA7923D32D413C3600768849 /* SavingsObjectiveView.swift in Sources */,
				AA1783AD2DFF161E00D73B02 /* MockAuthenticationDataSource.swift in Sources */,
				AA71A7682D4C3201003D5909 /* ProfileView.swift in Sources */,
				AA8235A72D44054E005CCA48 /* LoadingScreen.swift in Sources */,
				AAC000DC2DA43B8D00B5A11D /* UserDataStore.swift in Sources */,
				AA51466D2D40EC0F00FE93E5 /* WeeklyExpensesView.swift in Sources */,
				AA777CFB2D57B35B005B7734 /* User.swift in Sources */,
				AA1783B22DFF168C00D73B02 /* LiveAuthenticationDataSource.swift in Sources */,
				AAC000F92DA449F300B5A11D /* RegistrationView.swift in Sources */,
				AA5146312D40450600FE93E5 /* ExpensesView.swift in Sources */,
				AAC000F42DA4450A00B5A11D /* MUAPIError.swift in Sources */,
				AA668EA32D441E12005E714D /* IncomeDataSource.swift in Sources */,
				AAC000DF2DA43CE800B5A11D /* JWTDecoder.swift in Sources */,
				AA7923D52D413C5800768849 /* SocialGroupsView.swift in Sources */,
				AA3E1FE72DAD2D460007C6EA /* TokenStoreManager.swift in Sources */,
				AA1214DE2D42F2EC00787FD2 /* SavingGoal.swift in Sources */,
				AA51462F2D40450600FE93E5 /* iOSMessupApp.swift in Sources */,
				AA8139412D4FC3660097F51E /* DepositSheetViewModifier.swift in Sources */,
				AA20F9DB2DA7138800B2FE3E /* TokenKeys.swift in Sources */,
				AAC000EE2DA4421300B5A11D /* MUResponse.swift in Sources */,
				AA51466F2D40ECB400FE93E5 /* Calendar+Utils.swift in Sources */,
				AA832E6C2D4173EC00940F78 /* EditExpenseModalView.swift in Sources */,
				AAC000E72DA43FB500B5A11D /* MUClient.swift in Sources */,
				AA6D45C72D4249DB0014A95F /* ExpenseRepository.swift in Sources */,
				AA1783AB2DFF15E200D73B02 /* UserDefaultsTokenStorage.swift in Sources */,
				AAC000F72DA449C500B5A11D /* LoginView.swift in Sources */,
				AAF91FDE2D4648DF003FDE4C /* SelectableCell.swift in Sources */,
				AA6D45B82D41ABBD0014A95F /* AddExpenseViewModal.swift in Sources */,
				AAC242042D48F4B3002A829C /* CategoryPieChart.swift in Sources */,
				AA668EA12D441BB9005E714D /* IncomeRepository.swift in Sources */,
				AAC000F12DA4429A00B5A11D /* LoginResponse.swift in Sources */,
				AA6EE0C02D4277A300E0F7D3 /* ExpensesDataSource.swift in Sources */,
				AA422C292D4141B500F108B8 /* MainTabBarView.swift in Sources */,
				AA8B4D4C2DA8477F002D6730 /* GetAllExpensesRequest.swift in Sources */,
				AA0B19292D43E63500B02095 /* DepositCellView.swift in Sources */,
				AAC000E92DA4401B00B5A11D /* LoginRequest.swift in Sources */,
				AA6D45BB2D41B0E40014A95F /* ExpenseSheetViewModifier.swift in Sources */,
				AAC000E12DA43DE700B5A11D /* MUToken.swift in Sources */,
				AA81393F2D4FBE250097F51E /* AddDepositViewModal.swift in Sources */,
				AA0B19252D43147F00B02095 /* Date+Utils.swift in Sources */,
				AAC000E42DA43F9700B5A11D /* HTTPMethod.swift in Sources */,
				AA5146662D40531500FE93E5 /* Double+Utils.swift in Sources */,
				AA0B19232D42FF6A00B02095 /* ProgressBar.swift in Sources */,
				AAC000EC2DA4420800B5A11D /* MURequest.swift in Sources */,
				AA31E12F2D48022A004BA303 /* Route.swift in Sources */,
			);
			runOnlyForDeploymentPostprocessing = 0;
		};
		AA5146382D40450700FE93E5 /* Sources */ = {
			isa = PBXSourcesBuildPhase;
			buildActionMask = 2147483647;
			files = (
				AA56E0AE2D4454FB009F7058 /* SavingViewModelTest.swift in Sources */,
				AA3E1FF12DAD369C0007C6EA /* MUClientTests.swift in Sources */,
				AAF9F59A2D429DF00085FD44 /* ExpenseViewModelTests.swift in Sources */,
			);
			runOnlyForDeploymentPostprocessing = 0;
		};
		AA5146422D40450700FE93E5 /* Sources */ = {
			isa = PBXSourcesBuildPhase;
			buildActionMask = 2147483647;
			files = (
			);
			runOnlyForDeploymentPostprocessing = 0;
		};
/* End PBXSourcesBuildPhase section */

/* Begin PBXTargetDependency section */
		AA51463E2D40450700FE93E5 /* PBXTargetDependency */ = {
			isa = PBXTargetDependency;
			target = AA51462A2D40450600FE93E5 /* iOSMessup */;
			targetProxy = AA51463D2D40450700FE93E5 /* PBXContainerItemProxy */;
		};
		AA5146482D40450700FE93E5 /* PBXTargetDependency */ = {
			isa = PBXTargetDependency;
			target = AA51462A2D40450600FE93E5 /* iOSMessup */;
			targetProxy = AA5146472D40450700FE93E5 /* PBXContainerItemProxy */;
		};
/* End PBXTargetDependency section */

/* Begin XCBuildConfiguration section */
		AA51464E2D40450700FE93E5 /* Debug */ = {
			isa = XCBuildConfiguration;
			buildSettings = {
				ALWAYS_SEARCH_USER_PATHS = NO;
				ASSETCATALOG_COMPILER_GENERATE_SWIFT_ASSET_SYMBOL_EXTENSIONS = YES;
				CLANG_ANALYZER_NONNULL = YES;
				CLANG_ANALYZER_NUMBER_OBJECT_CONVERSION = YES_AGGRESSIVE;
				CLANG_CXX_LANGUAGE_STANDARD = "gnu++20";
				CLANG_ENABLE_MODULES = YES;
				CLANG_ENABLE_OBJC_ARC = YES;
				CLANG_ENABLE_OBJC_WEAK = YES;
				CLANG_WARN_BLOCK_CAPTURE_AUTORELEASING = YES;
				CLANG_WARN_BOOL_CONVERSION = YES;
				CLANG_WARN_COMMA = YES;
				CLANG_WARN_CONSTANT_CONVERSION = YES;
				CLANG_WARN_DEPRECATED_OBJC_IMPLEMENTATIONS = YES;
				CLANG_WARN_DIRECT_OBJC_ISA_USAGE = YES_ERROR;
				CLANG_WARN_DOCUMENTATION_COMMENTS = YES;
				CLANG_WARN_EMPTY_BODY = YES;
				CLANG_WARN_ENUM_CONVERSION = YES;
				CLANG_WARN_INFINITE_RECURSION = YES;
				CLANG_WARN_INT_CONVERSION = YES;
				CLANG_WARN_NON_LITERAL_NULL_CONVERSION = YES;
				CLANG_WARN_OBJC_IMPLICIT_RETAIN_SELF = YES;
				CLANG_WARN_OBJC_LITERAL_CONVERSION = YES;
				CLANG_WARN_OBJC_ROOT_CLASS = YES_ERROR;
				CLANG_WARN_QUOTED_INCLUDE_IN_FRAMEWORK_HEADER = YES;
				CLANG_WARN_RANGE_LOOP_ANALYSIS = YES;
				CLANG_WARN_STRICT_PROTOTYPES = YES;
				CLANG_WARN_SUSPICIOUS_MOVE = YES;
				CLANG_WARN_UNGUARDED_AVAILABILITY = YES_AGGRESSIVE;
				CLANG_WARN_UNREACHABLE_CODE = YES;
				CLANG_WARN__DUPLICATE_METHOD_MATCH = YES;
				COPY_PHASE_STRIP = NO;
				DEBUG_INFORMATION_FORMAT = dwarf;
				ENABLE_STRICT_OBJC_MSGSEND = YES;
				ENABLE_TESTABILITY = YES;
				ENABLE_USER_SCRIPT_SANDBOXING = YES;
				GCC_C_LANGUAGE_STANDARD = gnu17;
				GCC_DYNAMIC_NO_PIC = NO;
				GCC_NO_COMMON_BLOCKS = YES;
				GCC_OPTIMIZATION_LEVEL = 0;
				GCC_PREPROCESSOR_DEFINITIONS = (
					"DEBUG=1",
					"$(inherited)",
				);
				GCC_WARN_64_TO_32_BIT_CONVERSION = YES;
				GCC_WARN_ABOUT_RETURN_TYPE = YES_ERROR;
				GCC_WARN_UNDECLARED_SELECTOR = YES;
				GCC_WARN_UNINITIALIZED_AUTOS = YES_AGGRESSIVE;
				GCC_WARN_UNUSED_FUNCTION = YES;
				GCC_WARN_UNUSED_VARIABLE = YES;
				IPHONEOS_DEPLOYMENT_TARGET = 17.0;
				LOCALIZATION_PREFERS_STRING_CATALOGS = YES;
				MTL_ENABLE_DEBUG_INFO = INCLUDE_SOURCE;
				MTL_FAST_MATH = YES;
				ONLY_ACTIVE_ARCH = YES;
				SWIFT_ACTIVE_COMPILATION_CONDITIONS = "DEBUG $(inherited)";
				SWIFT_OPTIMIZATION_LEVEL = "-Onone";
			};
			name = Debug;
		};
		AA51464F2D40450700FE93E5 /* Release */ = {
			isa = XCBuildConfiguration;
			buildSettings = {
				ALWAYS_SEARCH_USER_PATHS = NO;
				ASSETCATALOG_COMPILER_GENERATE_SWIFT_ASSET_SYMBOL_EXTENSIONS = YES;
				CLANG_ANALYZER_NONNULL = YES;
				CLANG_ANALYZER_NUMBER_OBJECT_CONVERSION = YES_AGGRESSIVE;
				CLANG_CXX_LANGUAGE_STANDARD = "gnu++20";
				CLANG_ENABLE_MODULES = YES;
				CLANG_ENABLE_OBJC_ARC = YES;
				CLANG_ENABLE_OBJC_WEAK = YES;
				CLANG_WARN_BLOCK_CAPTURE_AUTORELEASING = YES;
				CLANG_WARN_BOOL_CONVERSION = YES;
				CLANG_WARN_COMMA = YES;
				CLANG_WARN_CONSTANT_CONVERSION = YES;
				CLANG_WARN_DEPRECATED_OBJC_IMPLEMENTATIONS = YES;
				CLANG_WARN_DIRECT_OBJC_ISA_USAGE = YES_ERROR;
				CLANG_WARN_DOCUMENTATION_COMMENTS = YES;
				CLANG_WARN_EMPTY_BODY = YES;
				CLANG_WARN_ENUM_CONVERSION = YES;
				CLANG_WARN_INFINITE_RECURSION = YES;
				CLANG_WARN_INT_CONVERSION = YES;
				CLANG_WARN_NON_LITERAL_NULL_CONVERSION = YES;
				CLANG_WARN_OBJC_IMPLICIT_RETAIN_SELF = YES;
				CLANG_WARN_OBJC_LITERAL_CONVERSION = YES;
				CLANG_WARN_OBJC_ROOT_CLASS = YES_ERROR;
				CLANG_WARN_QUOTED_INCLUDE_IN_FRAMEWORK_HEADER = YES;
				CLANG_WARN_RANGE_LOOP_ANALYSIS = YES;
				CLANG_WARN_STRICT_PROTOTYPES = YES;
				CLANG_WARN_SUSPICIOUS_MOVE = YES;
				CLANG_WARN_UNGUARDED_AVAILABILITY = YES_AGGRESSIVE;
				CLANG_WARN_UNREACHABLE_CODE = YES;
				CLANG_WARN__DUPLICATE_METHOD_MATCH = YES;
				COPY_PHASE_STRIP = NO;
				DEBUG_INFORMATION_FORMAT = "dwarf-with-dsym";
				ENABLE_NS_ASSERTIONS = NO;
				ENABLE_STRICT_OBJC_MSGSEND = YES;
				ENABLE_USER_SCRIPT_SANDBOXING = YES;
				GCC_C_LANGUAGE_STANDARD = gnu17;
				GCC_NO_COMMON_BLOCKS = YES;
				GCC_WARN_64_TO_32_BIT_CONVERSION = YES;
				GCC_WARN_ABOUT_RETURN_TYPE = YES_ERROR;
				GCC_WARN_UNDECLARED_SELECTOR = YES;
				GCC_WARN_UNINITIALIZED_AUTOS = YES_AGGRESSIVE;
				GCC_WARN_UNUSED_FUNCTION = YES;
				GCC_WARN_UNUSED_VARIABLE = YES;
				IPHONEOS_DEPLOYMENT_TARGET = 17.0;
				LOCALIZATION_PREFERS_STRING_CATALOGS = YES;
				MTL_ENABLE_DEBUG_INFO = NO;
				MTL_FAST_MATH = YES;
				SWIFT_COMPILATION_MODE = wholemodule;
			};
			name = Release;
		};
		AA5146512D40450700FE93E5 /* Debug */ = {
			isa = XCBuildConfiguration;
			buildSettings = {
				ASSETCATALOG_COMPILER_APPICON_NAME = AppIcon;
				ASSETCATALOG_COMPILER_GLOBAL_ACCENT_COLOR_NAME = AccentColor;
				CODE_SIGN_ENTITLEMENTS = iOSMessup/iOSMessup.entitlements;
				CODE_SIGN_STYLE = Automatic;
				CURRENT_PROJECT_VERSION = 1;
				DEVELOPMENT_ASSET_PATHS = "\"iOSMessup/Preview Content\"";
				DEVELOPMENT_TEAM = FMHB2W3446;
				ENABLE_HARDENED_RUNTIME = YES;
				ENABLE_PREVIEWS = YES;
				GENERATE_INFOPLIST_FILE = YES;
				INFOPLIST_FILE = iOSMessup/Info.plist;
				INFOPLIST_KEY_CFBundleDisplayName = Messup;
				INFOPLIST_KEY_LSApplicationCategoryType = "public.app-category.utilities";
				"INFOPLIST_KEY_UIApplicationSceneManifest_Generation[sdk=iphoneos*]" = YES;
				"INFOPLIST_KEY_UIApplicationSceneManifest_Generation[sdk=iphonesimulator*]" = YES;
				"INFOPLIST_KEY_UIApplicationSupportsIndirectInputEvents[sdk=iphoneos*]" = YES;
				"INFOPLIST_KEY_UIApplicationSupportsIndirectInputEvents[sdk=iphonesimulator*]" = YES;
				"INFOPLIST_KEY_UILaunchScreen_Generation[sdk=iphoneos*]" = YES;
				"INFOPLIST_KEY_UILaunchScreen_Generation[sdk=iphonesimulator*]" = YES;
				"INFOPLIST_KEY_UIStatusBarStyle[sdk=iphoneos*]" = UIStatusBarStyleDefault;
				"INFOPLIST_KEY_UIStatusBarStyle[sdk=iphonesimulator*]" = UIStatusBarStyleDefault;
				INFOPLIST_KEY_UISupportedInterfaceOrientations = UIInterfaceOrientationPortrait;
				INFOPLIST_KEY_UISupportedInterfaceOrientations_iPad = "UIInterfaceOrientationLandscapeLeft UIInterfaceOrientationLandscapeRight UIInterfaceOrientationPortrait UIInterfaceOrientationPortraitUpsideDown";
				IPHONEOS_DEPLOYMENT_TARGET = 17.5;
				LD_RUNPATH_SEARCH_PATHS = "@executable_path/Frameworks";
				"LD_RUNPATH_SEARCH_PATHS[sdk=macosx*]" = "@executable_path/../Frameworks";
				MACOSX_DEPLOYMENT_TARGET = 14.5;
				MARKETING_VERSION = 1.0;
				PRODUCT_BUNDLE_IDENTIFIER = rafael.serrano.iOSMessup;
				PRODUCT_NAME = "$(TARGET_NAME)";
				SDKROOT = auto;
				SUPPORTED_PLATFORMS = "iphoneos iphonesimulator macosx";
				SWIFT_ACTIVE_COMPILATION_CONDITIONS = "DEVELOPMENT DEBUG $(inherited)";
				SWIFT_EMIT_LOC_STRINGS = YES;
				SWIFT_VERSION = 5.0;
				TARGETED_DEVICE_FAMILY = "1,2";
			};
			name = Debug;
		};
		AA5146522D40450700FE93E5 /* Release */ = {
			isa = XCBuildConfiguration;
			buildSettings = {
				ASSETCATALOG_COMPILER_APPICON_NAME = AppIcon;
				ASSETCATALOG_COMPILER_GLOBAL_ACCENT_COLOR_NAME = AccentColor;
				CODE_SIGN_ENTITLEMENTS = iOSMessup/iOSMessup.entitlements;
				CODE_SIGN_STYLE = Automatic;
				CURRENT_PROJECT_VERSION = 1;
				DEVELOPMENT_ASSET_PATHS = "\"iOSMessup/Preview Content\"";
				DEVELOPMENT_TEAM = FMHB2W3446;
				ENABLE_HARDENED_RUNTIME = YES;
				ENABLE_PREVIEWS = YES;
				GENERATE_INFOPLIST_FILE = YES;
				INFOPLIST_FILE = iOSMessup/Info.plist;
				INFOPLIST_KEY_CFBundleDisplayName = Messup;
				INFOPLIST_KEY_LSApplicationCategoryType = "public.app-category.utilities";
				"INFOPLIST_KEY_UIApplicationSceneManifest_Generation[sdk=iphoneos*]" = YES;
				"INFOPLIST_KEY_UIApplicationSceneManifest_Generation[sdk=iphonesimulator*]" = YES;
				"INFOPLIST_KEY_UIApplicationSupportsIndirectInputEvents[sdk=iphoneos*]" = YES;
				"INFOPLIST_KEY_UIApplicationSupportsIndirectInputEvents[sdk=iphonesimulator*]" = YES;
				"INFOPLIST_KEY_UILaunchScreen_Generation[sdk=iphoneos*]" = YES;
				"INFOPLIST_KEY_UILaunchScreen_Generation[sdk=iphonesimulator*]" = YES;
				"INFOPLIST_KEY_UIStatusBarStyle[sdk=iphoneos*]" = UIStatusBarStyleDefault;
				"INFOPLIST_KEY_UIStatusBarStyle[sdk=iphonesimulator*]" = UIStatusBarStyleDefault;
				INFOPLIST_KEY_UISupportedInterfaceOrientations = UIInterfaceOrientationPortrait;
				INFOPLIST_KEY_UISupportedInterfaceOrientations_iPad = "UIInterfaceOrientationLandscapeLeft UIInterfaceOrientationLandscapeRight UIInterfaceOrientationPortrait UIInterfaceOrientationPortraitUpsideDown";
				IPHONEOS_DEPLOYMENT_TARGET = 17.5;
				LD_RUNPATH_SEARCH_PATHS = "@executable_path/Frameworks";
				"LD_RUNPATH_SEARCH_PATHS[sdk=macosx*]" = "@executable_path/../Frameworks";
				MACOSX_DEPLOYMENT_TARGET = 14.5;
				MARKETING_VERSION = 1.0;
				PRODUCT_BUNDLE_IDENTIFIER = rafael.serrano.iOSMessup;
				PRODUCT_NAME = "$(TARGET_NAME)";
				SDKROOT = auto;
				SUPPORTED_PLATFORMS = "iphoneos iphonesimulator macosx";
				SWIFT_ACTIVE_COMPILATION_CONDITIONS = PRODUCTION;
				SWIFT_EMIT_LOC_STRINGS = YES;
				SWIFT_VERSION = 5.0;
				TARGETED_DEVICE_FAMILY = "1,2";
			};
			name = Release;
		};
		AA5146542D40450700FE93E5 /* Debug */ = {
			isa = XCBuildConfiguration;
			buildSettings = {
				BUNDLE_LOADER = "$(TEST_HOST)";
				CODE_SIGN_STYLE = Automatic;
				CURRENT_PROJECT_VERSION = 1;
				DEVELOPMENT_TEAM = FMHB2W3446;
				GENERATE_INFOPLIST_FILE = YES;
				IPHONEOS_DEPLOYMENT_TARGET = 17.5;
				MACOSX_DEPLOYMENT_TARGET = 14.5;
				MARKETING_VERSION = 1.0;
				PRODUCT_BUNDLE_IDENTIFIER = rafael.serrano.iOSMessupTests;
				PRODUCT_NAME = "$(TARGET_NAME)";
				SDKROOT = auto;
				SUPPORTED_PLATFORMS = "iphoneos iphonesimulator macosx";
				SWIFT_EMIT_LOC_STRINGS = NO;
				SWIFT_VERSION = 5.0;
				TARGETED_DEVICE_FAMILY = "1,2";
				TEST_HOST = "$(BUILT_PRODUCTS_DIR)/iOSMessup.app/$(BUNDLE_EXECUTABLE_FOLDER_PATH)/iOSMessup";
			};
			name = Debug;
		};
		AA5146552D40450700FE93E5 /* Release */ = {
			isa = XCBuildConfiguration;
			buildSettings = {
				BUNDLE_LOADER = "$(TEST_HOST)";
				CODE_SIGN_STYLE = Automatic;
				CURRENT_PROJECT_VERSION = 1;
				DEVELOPMENT_TEAM = FMHB2W3446;
				GENERATE_INFOPLIST_FILE = YES;
				IPHONEOS_DEPLOYMENT_TARGET = 17.5;
				MACOSX_DEPLOYMENT_TARGET = 14.5;
				MARKETING_VERSION = 1.0;
				PRODUCT_BUNDLE_IDENTIFIER = rafael.serrano.iOSMessupTests;
				PRODUCT_NAME = "$(TARGET_NAME)";
				SDKROOT = auto;
				SUPPORTED_PLATFORMS = "iphoneos iphonesimulator macosx";
				SWIFT_EMIT_LOC_STRINGS = NO;
				SWIFT_VERSION = 5.0;
				TARGETED_DEVICE_FAMILY = "1,2";
				TEST_HOST = "$(BUILT_PRODUCTS_DIR)/iOSMessup.app/$(BUNDLE_EXECUTABLE_FOLDER_PATH)/iOSMessup";
			};
			name = Release;
		};
		AA5146572D40450700FE93E5 /* Debug */ = {
			isa = XCBuildConfiguration;
			buildSettings = {
				CODE_SIGN_STYLE = Automatic;
				CURRENT_PROJECT_VERSION = 1;
				DEVELOPMENT_TEAM = FMHB2W3446;
				GENERATE_INFOPLIST_FILE = YES;
				IPHONEOS_DEPLOYMENT_TARGET = 17.5;
				MACOSX_DEPLOYMENT_TARGET = 14.5;
				MARKETING_VERSION = 1.0;
				PRODUCT_BUNDLE_IDENTIFIER = rafael.serrano.iOSMessupUITests;
				PRODUCT_NAME = "$(TARGET_NAME)";
				SDKROOT = auto;
				SUPPORTED_PLATFORMS = "iphoneos iphonesimulator macosx";
				SWIFT_EMIT_LOC_STRINGS = NO;
				SWIFT_VERSION = 5.0;
				TARGETED_DEVICE_FAMILY = "1,2";
				TEST_TARGET_NAME = iOSMessup;
			};
			name = Debug;
		};
		AA5146582D40450700FE93E5 /* Release */ = {
			isa = XCBuildConfiguration;
			buildSettings = {
				CODE_SIGN_STYLE = Automatic;
				CURRENT_PROJECT_VERSION = 1;
				DEVELOPMENT_TEAM = FMHB2W3446;
				GENERATE_INFOPLIST_FILE = YES;
				IPHONEOS_DEPLOYMENT_TARGET = 17.5;
				MACOSX_DEPLOYMENT_TARGET = 14.5;
				MARKETING_VERSION = 1.0;
				PRODUCT_BUNDLE_IDENTIFIER = rafael.serrano.iOSMessupUITests;
				PRODUCT_NAME = "$(TARGET_NAME)";
				SDKROOT = auto;
				SUPPORTED_PLATFORMS = "iphoneos iphonesimulator macosx";
				SWIFT_EMIT_LOC_STRINGS = NO;
				SWIFT_VERSION = 5.0;
				TARGETED_DEVICE_FAMILY = "1,2";
				TEST_TARGET_NAME = iOSMessup;
			};
			name = Release;
		};
/* End XCBuildConfiguration section */

/* Begin XCConfigurationList section */
		AA5146262D40450600FE93E5 /* Build configuration list for PBXProject "iOSMessup" */ = {
			isa = XCConfigurationList;
			buildConfigurations = (
				AA51464E2D40450700FE93E5 /* Debug */,
				AA51464F2D40450700FE93E5 /* Release */,
			);
			defaultConfigurationIsVisible = 0;
			defaultConfigurationName = Release;
		};
		AA5146502D40450700FE93E5 /* Build configuration list for PBXNativeTarget "iOSMessup" */ = {
			isa = XCConfigurationList;
			buildConfigurations = (
				AA5146512D40450700FE93E5 /* Debug */,
				AA5146522D40450700FE93E5 /* Release */,
			);
			defaultConfigurationIsVisible = 0;
			defaultConfigurationName = Release;
		};
		AA5146532D40450700FE93E5 /* Build configuration list for PBXNativeTarget "iOSMessupTests" */ = {
			isa = XCConfigurationList;
			buildConfigurations = (
				AA5146542D40450700FE93E5 /* Debug */,
				AA5146552D40450700FE93E5 /* Release */,
			);
			defaultConfigurationIsVisible = 0;
			defaultConfigurationName = Release;
		};
		AA5146562D40450700FE93E5 /* Build configuration list for PBXNativeTarget "iOSMessupUITests" */ = {
			isa = XCConfigurationList;
			buildConfigurations = (
				AA5146572D40450700FE93E5 /* Debug */,
				AA5146582D40450700FE93E5 /* Release */,
			);
			defaultConfigurationIsVisible = 0;
			defaultConfigurationName = Release;
		};
/* End XCConfigurationList section */

/* Begin XCRemoteSwiftPackageReference section */
		AA3E1FE82DAD2DD60007C6EA /* XCRemoteSwiftPackageReference "KeychainAccess" */ = {
			isa = XCRemoteSwiftPackageReference;
			repositoryURL = "https://github.com/kishikawakatsumi/KeychainAccess";
			requirement = {
				branch = master;
				kind = branch;
			};
		};
		AAF9F5972D429DCB0085FD44 /* XCRemoteSwiftPackageReference "swift-testing" */ = {
			isa = XCRemoteSwiftPackageReference;
			repositoryURL = "https://github.com/swiftlang/swift-testing.git";
			requirement = {
				kind = upToNextMajorVersion;
				minimumVersion = 6.0.3;
			};
		};
/* End XCRemoteSwiftPackageReference section */

/* Begin XCSwiftPackageProductDependency section */
		AA3E1FE92DAD2DD60007C6EA /* KeychainAccess */ = {
			isa = XCSwiftPackageProductDependency;
			package = AA3E1FE82DAD2DD60007C6EA /* XCRemoteSwiftPackageReference "KeychainAccess" */;
			productName = KeychainAccess;
		};
/* End XCSwiftPackageProductDependency section */
	};
	rootObject = AA5146232D40450600FE93E5 /* Project object */;
}
